# THIS IS AN AUTOGENERATED FILE. DO NOT EDIT THIS FILE DIRECTLY.
# yarn lockfile v1


"@fullcalendar/core@^6.1.14":
  version "6.1.14"
  resolved "https://registry.yarnpkg.com/@fullcalendar/core/-/core-6.1.14.tgz#75cd70ab28600dec630970e1015e4e7b59cd4a94"
  integrity sha512-hIPRBevm0aMc2aHy1hRIJgXmI1QTvQM1neQa9oxtuqUmF1+ApYC3oAdwcQMTuI7lHHw3pKJDyJFkKLPPnL6HXA==
  dependencies:
    preact "~10.12.1"

"@fullcalendar/daygrid@^6.1.14", "@fullcalendar/daygrid@~6.1.14":
  version "6.1.14"
  resolved "https://registry.yarnpkg.com/@fullcalendar/daygrid/-/daygrid-6.1.14.tgz#4afc48adbdd905b79777ff4c822c9ed0205df995"
  integrity sha512-DSyjiA1dEM8k3bOCrZpZOmAOZu71KGtH02ze+4QKuhxkmn/zQghmmLRdfzpOrcyJg6xGKkoB4pBcO+2lXar8XQ==

"@fullcalendar/timegrid@^6.1.14":
  version "6.1.14"
  resolved "https://registry.yarnpkg.com/@fullcalendar/timegrid/-/timegrid-6.1.14.tgz#ff1849278b4991002ae1337d5435aaba3ae9aadc"
  integrity sha512-ZByc3BVAtxWSVfyaNedROLlg/Tb2NQ43+MZZAfBSrVwVm2xyfQ+Bsx3pJyCXsRsUh2TFFTO07q7nMWe0jet3KQ==
  dependencies:
    "@fullcalendar/daygrid" "~6.1.14"

preact@~10.12.1:
  version "10.12.1"
  resolved "https://registry.yarnpkg.com/preact/-/preact-10.12.1.tgz#8f9cb5442f560e532729b7d23d42fd1161354a21"
  integrity sha512-l8386ixSsBdbreOAkqtrwqHwdvR35ID8c3rKPa8lCWuO86dBi32QWHV4vfsZK1utLLFMvw+Z5Ad4XLkZzchscg==
